
Microsoft Visual Studio Solution File, Format Version 12.00
# Visual Studio Version 16
VisualStudioVersion = 16.0.29306.81
MinimumVisualStudioVersion = 10.0.40219.1
Project("{FAE04EC0-301F-11D3-BF4B-00C04F79EFBC}") = "GamingAppBackEnd", "GamingAppBackEnd.csproj", "{3E150DDA-9AEE-4A98-8E3D-B9C8FA2F05F8}"
EndProject
Project("{2150E333-8FDC-42A3-9474-1A3956D46DE8}") = "4. DAC", "4. DAC", "{49EBE13F-1C83-44ED-8DEB-8B15B4483251}"
EndProject
Project("{2150E333-8FDC-42A3-9474-1A3956D46DE8}") = "2. Domain", "2. Domain", "{BE40BF9D-4486-4868-B8BC-FC985ED76266}"
EndProject
Project("{2150E333-8FDC-42A3-9474-1A3956D46DE8}") = "1. App", "1. App", "{C8F52401-8373-49EC-886C-F3946E250A97}"
EndProject
Project("{2150E333-8FDC-42A3-9474-1A3956D46DE8}") = "3. Service", "3. Service", "{DE4AF8D9-AC1E-4B02-8FD7-C7824FEEF0A6}"
EndProject
Project("{2150E333-8FDC-42A3-9474-1A3956D46DE8}") = "5. Test", "5. Test", "{25A9563B-020D-487A-83AA-D4879B9C9B60}"
EndProject
Project("{FAE04EC0-301F-11D3-BF4B-00C04F79EFBC}") = "GamingApp.DataContext", "..\GamingApp.DataContext\GamingApp.DataContext.csproj", "{F9E3EAC2-D3CB-4768-A26A-4505ECB6D40B}"
EndProject
Project("{FAE04EC0-301F-11D3-BF4B-00C04F79EFBC}") = "GamingApp.Entities", "..\GamingApp.Entities\GamingApp.Entities.csproj", "{C97598CA-9428-4905-9E35-D8AD57C42B79}"
EndProject
Project("{FAE04EC0-301F-11D3-BF4B-00C04F79EFBC}") = "GamingApp.Interfaces", "..\GamingApp.Interfaces\GamingApp.Interfaces.csproj", "{DF931B0E-B3F1-4AFA-BB92-8D041FD4CE53}"
EndProject
Project("{FAE04EC0-301F-11D3-BF4B-00C04F79EFBC}") = "GamingApp.Service", "..\GamingApp.Service\GamingApp.Service.csproj", "{B562891A-E332-4B6B-94CA-0B1609BE0E87}"
EndProject
Project("{FAE04EC0-301F-11D3-BF4B-00C04F79EFBC}") = "GamingApp.DataAccess", "..\GamingApp.DataAccess\GamingApp.DataAccess.csproj", "{FD10ED62-D4DF-4278-9013-67F9AE0C6544}"
EndProject
Global
	GlobalSection(SolutionConfigurationPlatforms) = preSolution
		Debug|Any CPU = Debug|Any CPU
		Release|Any CPU = Release|Any CPU
	EndGlobalSection
	GlobalSection(ProjectConfigurationPlatforms) = postSolution
		{3E150DDA-9AEE-4A98-8E3D-B9C8FA2F05F8}.Debug|Any CPU.ActiveCfg = Debug|Any CPU
		{3E150DDA-9AEE-4A98-8E3D-B9C8FA2F05F8}.Debug|Any CPU.Build.0 = Debug|Any CPU
		{3E150DDA-9AEE-4A98-8E3D-B9C8FA2F05F8}.Release|Any CPU.ActiveCfg = Release|Any CPU
		{3E150DDA-9AEE-4A98-8E3D-B9C8FA2F05F8}.Release|Any CPU.Build.0 = Release|Any CPU
		{F9E3EAC2-D3CB-4768-A26A-4505ECB6D40B}.Debug|Any CPU.ActiveCfg = Debug|Any CPU
		{F9E3EAC2-D3CB-4768-A26A-4505ECB6D40B}.Debug|Any CPU.Build.0 = Debug|Any CPU
		{F9E3EAC2-D3CB-4768-A26A-4505ECB6D40B}.Release|Any CPU.ActiveCfg = Release|Any CPU
		{F9E3EAC2-D3CB-4768-A26A-4505ECB6D40B}.Release|Any CPU.Build.0 = Release|Any CPU
		{C97598CA-9428-4905-9E35-D8AD57C42B79}.Debug|Any CPU.ActiveCfg = Debug|Any CPU
		{C97598CA-9428-4905-9E35-D8AD57C42B79}.Debug|Any CPU.Build.0 = Debug|Any CPU
		{C97598CA-9428-4905-9E35-D8AD57C42B79}.Release|Any CPU.ActiveCfg = Release|Any CPU
		{C97598CA-9428-4905-9E35-D8AD57C42B79}.Release|Any CPU.Build.0 = Release|Any CPU
		{DF931B0E-B3F1-4AFA-BB92-8D041FD4CE53}.Debug|Any CPU.ActiveCfg = Debug|Any CPU
		{DF931B0E-B3F1-4AFA-BB92-8D041FD4CE53}.Debug|Any CPU.Build.0 = Debug|Any CPU
		{DF931B0E-B3F1-4AFA-BB92-8D041FD4CE53}.Release|Any CPU.ActiveCfg = Release|Any CPU
		{DF931B0E-B3F1-4AFA-BB92-8D041FD4CE53}.Release|Any CPU.Build.0 = Release|Any CPU
		{B562891A-E332-4B6B-94CA-0B1609BE0E87}.Debug|Any CPU.ActiveCfg = Debug|Any CPU
		{B562891A-E332-4B6B-94CA-0B1609BE0E87}.Debug|Any CPU.Build.0 = Debug|Any CPU
		{B562891A-E332-4B6B-94CA-0B1609BE0E87}.Release|Any CPU.ActiveCfg = Release|Any CPU
		{B562891A-E332-4B6B-94CA-0B1609BE0E87}.Release|Any CPU.Build.0 = Release|Any CPU
		{FD10ED62-D4DF-4278-9013-67F9AE0C6544}.Debug|Any CPU.ActiveCfg = Debug|Any CPU
		{FD10ED62-D4DF-4278-9013-67F9AE0C6544}.Debug|Any CPU.Build.0 = Debug|Any CPU
		{FD10ED62-D4DF-4278-9013-67F9AE0C6544}.Release|Any CPU.ActiveCfg = Release|Any CPU
		{FD10ED62-D4DF-4278-9013-67F9AE0C6544}.Release|Any CPU.Build.0 = Release|Any CPU
	EndGlobalSection
	GlobalSection(SolutionProperties) = preSolution
		HideSolutionNode = FALSE
	EndGlobalSection
	GlobalSection(NestedProjects) = preSolution
		{3E150DDA-9AEE-4A98-8E3D-B9C8FA2F05F8} = {C8F52401-8373-49EC-886C-F3946E250A97}
		{F9E3EAC2-D3CB-4768-A26A-4505ECB6D40B} = {BE40BF9D-4486-4868-B8BC-FC985ED76266}
		{C97598CA-9428-4905-9E35-D8AD57C42B79} = {BE40BF9D-4486-4868-B8BC-FC985ED76266}
		{DF931B0E-B3F1-4AFA-BB92-8D041FD4CE53} = {BE40BF9D-4486-4868-B8BC-FC985ED76266}
		{B562891A-E332-4B6B-94CA-0B1609BE0E87} = {DE4AF8D9-AC1E-4B02-8FD7-C7824FEEF0A6}
		{FD10ED62-D4DF-4278-9013-67F9AE0C6544} = {49EBE13F-1C83-44ED-8DEB-8B15B4483251}
	EndGlobalSection
	GlobalSection(ExtensibilityGlobals) = postSolution
		SolutionGuid = {3CB81763-66CE-43ED-AC36-74EED2A50413}
	EndGlobalSection
EndGlobal
